
Microsoft Visual Studio Solution File, Format Version 12.00
Project("{FAE04EC0-301F-11D3-BF4B-00C04F79EFBC}") = "Integrant4.Structurant", "Integrant4.Structurant\Integrant4.Structurant.csproj", "{C4617E63-272A-44A5-92B7-FFE74D26040B}"
EndProject
Project("{FAE04EC0-301F-11D3-BF4B-00C04F79EFBC}") = "Program", "Program\Program.csproj", "{F5763208-313A-4172-8FA4-16ED0DEA8369}"
EndProject
Project("{FAE04EC0-301F-11D3-BF4B-00C04F79EFBC}") = "Integrant4.API", "Integrant4.API\Integrant4.API.csproj", "{4186DC0D-0F9D-4FC7-A4EE-375090EB07A3}"
EndProject
Project("{FAE04EC0-301F-11D3-BF4B-00C04F79EFBC}") = "Web", "Web\Web.csproj", "{E78AFDAA-7D00-4690-9613-585963EC6212}"
EndProject
Project("{FAE04EC0-301F-11D3-BF4B-00C04F79EFBC}") = "Integrant4.Colorant", "Integrant4.Colorant\Integrant4.Colorant.csproj", "{AAF00772-5DB9-4892-9F45-2BB5AB45FD18}"
EndProject
Project("{FAE04EC0-301F-11D3-BF4B-00C04F79EFBC}") = "Integrant4.Fundament", "Integrant4.Fundament\Integrant4.Fundament.csproj", "{0D9018B5-2F86-454F-AA17-24EEF4F097B7}"
EndProject
Project("{FAE04EC0-301F-11D3-BF4B-00C04F79EFBC}") = "Integrant4.Resources", "Integrant4.Resources\Integrant4.Resources.csproj", "{BE5CC9FD-18D6-4BE0-9A81-F135B4140568}"
EndProject
Project("{FAE04EC0-301F-11D3-BF4B-00C04F79EFBC}") = "Integrant4.Element", "Integrant4.Element\Integrant4.Element.csproj", "{A0A838DA-292B-4E39-AFFE-CDE294CFEF23}"
EndProject
Project("{FAE04EC0-301F-11D3-BF4B-00C04F79EFBC}") = "Integrant4.Colorant.Generators", "Integrant4.Colorant.Generators\Integrant4.Colorant.Generators.csproj", "{21524F73-F252-4DD3-B260-C3665E41C1CE}"
EndProject
Global
	GlobalSection(SolutionConfigurationPlatforms) = preSolution
		Debug|Any CPU = Debug|Any CPU
		Release|Any CPU = Release|Any CPU
	EndGlobalSection
	GlobalSection(ProjectConfigurationPlatforms) = postSolution
		{C4617E63-272A-44A5-92B7-FFE74D26040B}.Debug|Any CPU.ActiveCfg = Debug|Any CPU
		{C4617E63-272A-44A5-92B7-FFE74D26040B}.Debug|Any CPU.Build.0 = Debug|Any CPU
		{C4617E63-272A-44A5-92B7-FFE74D26040B}.Release|Any CPU.ActiveCfg = Release|Any CPU
		{C4617E63-272A-44A5-92B7-FFE74D26040B}.Release|Any CPU.Build.0 = Release|Any CPU
		{F5763208-313A-4172-8FA4-16ED0DEA8369}.Debug|Any CPU.ActiveCfg = Debug|Any CPU
		{F5763208-313A-4172-8FA4-16ED0DEA8369}.Debug|Any CPU.Build.0 = Debug|Any CPU
		{F5763208-313A-4172-8FA4-16ED0DEA8369}.Release|Any CPU.ActiveCfg = Release|Any CPU
		{F5763208-313A-4172-8FA4-16ED0DEA8369}.Release|Any CPU.Build.0 = Release|Any CPU
		{4186DC0D-0F9D-4FC7-A4EE-375090EB07A3}.Debug|Any CPU.ActiveCfg = Debug|Any CPU
		{4186DC0D-0F9D-4FC7-A4EE-375090EB07A3}.Debug|Any CPU.Build.0 = Debug|Any CPU
		{4186DC0D-0F9D-4FC7-A4EE-375090EB07A3}.Release|Any CPU.ActiveCfg = Release|Any CPU
		{4186DC0D-0F9D-4FC7-A4EE-375090EB07A3}.Release|Any CPU.Build.0 = Release|Any CPU
		{E78AFDAA-7D00-4690-9613-585963EC6212}.Debug|Any CPU.ActiveCfg = Debug|Any CPU
		{E78AFDAA-7D00-4690-9613-585963EC6212}.Debug|Any CPU.Build.0 = Debug|Any CPU
		{E78AFDAA-7D00-4690-9613-585963EC6212}.Release|Any CPU.ActiveCfg = Release|Any CPU
		{E78AFDAA-7D00-4690-9613-585963EC6212}.Release|Any CPU.Build.0 = Release|Any CPU
		{AAF00772-5DB9-4892-9F45-2BB5AB45FD18}.Debug|Any CPU.ActiveCfg = Debug|Any CPU
		{AAF00772-5DB9-4892-9F45-2BB5AB45FD18}.Debug|Any CPU.Build.0 = Debug|Any CPU
		{AAF00772-5DB9-4892-9F45-2BB5AB45FD18}.Release|Any CPU.ActiveCfg = Release|Any CPU
		{AAF00772-5DB9-4892-9F45-2BB5AB45FD18}.Release|Any CPU.Build.0 = Release|Any CPU
		{0D9018B5-2F86-454F-AA17-24EEF4F097B7}.Debug|Any CPU.ActiveCfg = Debug|Any CPU
		{0D9018B5-2F86-454F-AA17-24EEF4F097B7}.Debug|Any CPU.Build.0 = Debug|Any CPU
		{0D9018B5-2F86-454F-AA17-24EEF4F097B7}.Release|Any CPU.ActiveCfg = Release|Any CPU
		{0D9018B5-2F86-454F-AA17-24EEF4F097B7}.Release|Any CPU.Build.0 = Release|Any CPU
		{BE5CC9FD-18D6-4BE0-9A81-F135B4140568}.Debug|Any CPU.ActiveCfg = Debug|Any CPU
		{BE5CC9FD-18D6-4BE0-9A81-F135B4140568}.Debug|Any CPU.Build.0 = Debug|Any CPU
		{BE5CC9FD-18D6-4BE0-9A81-F135B4140568}.Release|Any CPU.ActiveCfg = Release|Any CPU
		{BE5CC9FD-18D6-4BE0-9A81-F135B4140568}.Release|Any CPU.Build.0 = Release|Any CPU
		{A0A838DA-292B-4E39-AFFE-CDE294CFEF23}.Debug|Any CPU.ActiveCfg = Debug|Any CPU
		{A0A838DA-292B-4E39-AFFE-CDE294CFEF23}.Debug|Any CPU.Build.0 = Debug|Any CPU
		{A0A838DA-292B-4E39-AFFE-CDE294CFEF23}.Release|Any CPU.ActiveCfg = Release|Any CPU
		{A0A838DA-292B-4E39-AFFE-CDE294CFEF23}.Release|Any CPU.Build.0 = Release|Any CPU
		{21524F73-F252-4DD3-B260-C3665E41C1CE}.Debug|Any CPU.ActiveCfg = Debug|Any CPU
		{21524F73-F252-4DD3-B260-C3665E41C1CE}.Debug|Any CPU.Build.0 = Debug|Any CPU
		{21524F73-F252-4DD3-B260-C3665E41C1CE}.Release|Any CPU.ActiveCfg = Release|Any CPU
		{21524F73-F252-4DD3-B260-C3665E41C1CE}.Release|Any CPU.Build.0 = Release|Any CPU
	EndGlobalSection
EndGlobal
